// !$*UTF8*$!
{
	archiveVersion = 1;
	classes = {
	};
	objectVersion = 46;
	objects = {

/* Begin PBXBuildFile section */
		1CB0544D1B2243EE0037DAD2 /* main.m in Sources */ = {isa = PBXBuildFile; fileRef = 1CB0544C1B2243EE0037DAD2 /* main.m */; };
		1CB054501B2243EE0037DAD2 /* AppDelegate.m in Sources */ = {isa = PBXBuildFile; fileRef = 1CB0544F1B2243EE0037DAD2 /* AppDelegate.m */; };
		1CB054531B2243EE0037DAD2 /* ViewController.m in Sources */ = {isa = PBXBuildFile; fileRef = 1CB054521B2243EE0037DAD2 /* ViewController.m */; };
		1CB054561B2243EE0037DAD2 /* Main.storyboard in Resources */ = {isa = PBXBuildFile; fileRef = 1CB054541B2243EE0037DAD2 /* Main.storyboard */; };
		1CB054581B2243EE0037DAD2 /* Images.xcassets in Resources */ = {isa = PBXBuildFile; fileRef = 1CB054571B2243EE0037DAD2 /* Images.xcassets */; };
		1CB0545B1B2243EE0037DAD2 /* LaunchScreen.xib in Resources */ = {isa = PBXBuildFile; fileRef = 1CB054591B2243EE0037DAD2 /* LaunchScreen.xib */; };
		1CB054721B2244A60037DAD2 /* HawkSearchController.m in Sources */ = {isa = PBXBuildFile; fileRef = 1CB054711B2244A60037DAD2 /* HawkSearchController.m */; };
		1CB054741B2246FF0037DAD2 /* MapKit.framework in Frameworks */ = {isa = PBXBuildFile; fileRef = 1CB054731B2246FF0037DAD2 /* MapKit.framework */; };
		1CB054771B2247A60037DAD2 /* HawkLocationManager.m in Sources */ = {isa = PBXBuildFile; fileRef = 1CB054761B2247A60037DAD2 /* HawkLocationManager.m */; };
		1CB0547A1B225ABD0037DAD2 /* HawkSearchController.xib in Resources */ = {isa = PBXBuildFile; fileRef = 1CB054791B225ABD0037DAD2 /* HawkSearchController.xib */; };
		1CB054861B2267470037DAD2 /* pin-black.png in Resources */ = {isa = PBXBuildFile; fileRef = 1CB054841B2267470037DAD2 /* pin-black.png */; };
		1CB054871B2267470037DAD2 /* pin-red.png in Resources */ = {isa = PBXBuildFile; fileRef = 1CB054851B2267470037DAD2 /* pin-red.png */; };
		1CB054891B226BB40037DAD2 /* location.png in Resources */ = {isa = PBXBuildFile; fileRef = 1CB054881B226BB40037DAD2 /* location.png */; };
/* End PBXBuildFile section */

/* Begin PBXFileReference section */
		1CB054471B2243EE0037DAD2 /* Hawk.app */ = {isa = PBXFileReference; explicitFileType = wrapper.application; includeInIndex = 0; path = Hawk.app; sourceTree = BUILT_PRODUCTS_DIR; };
		1CB0544B1B2243EE0037DAD2 /* Info.plist */ = {isa = PBXFileReference; lastKnownFileType = text.plist.xml; path = Info.plist; sourceTree = "<group>"; };
		1CB0544C1B2243EE0037DAD2 /* main.m */ = {isa = PBXFileReference; lastKnownFileType = sourcecode.c.objc; path = main.m; sourceTree = "<group>"; };
		1CB0544E1B2243EE0037DAD2 /* AppDelegate.h */ = {isa = PBXFileReference; lastKnownFileType = sourcecode.c.h; path = AppDelegate.h; sourceTree = "<group>"; };
		1CB0544F1B2243EE0037DAD2 /* AppDelegate.m */ = {isa = PBXFileReference; lastKnownFileType = sourcecode.c.objc; path = AppDelegate.m; sourceTree = "<group>"; };
		1CB054511B2243EE0037DAD2 /* ViewController.h */ = {isa = PBXFileReference; lastKnownFileType = sourcecode.c.h; path = ViewController.h; sourceTree = "<group>"; };
		1CB054521B2243EE0037DAD2 /* ViewController.m */ = {isa = PBXFileReference; lastKnownFileType = sourcecode.c.objc; path = ViewController.m; sourceTree = "<group>"; };
		1CB054551B2243EE0037DAD2 /* Base */ = {isa = PBXFileReference; lastKnownFileType = file.storyboard; name = Base; path = Base.lproj/Main.storyboard; sourceTree = "<group>"; };
		1CB054571B2243EE0037DAD2 /* Images.xcassets */ = {isa = PBXFileReference; lastKnownFileType = folder.assetcatalog; path = Images.xcassets; sourceTree = "<group>"; };
		1CB0545A1B2243EE0037DAD2 /* Base */ = {isa = PBXFileReference; lastKnownFileType = file.xib; name = Base; path = Base.lproj/LaunchScreen.xib; sourceTree = "<group>"; };
		1CB054701B2244A60037DAD2 /* HawkSearchController.h */ = {isa = PBXFileReference; fileEncoding = 4; lastKnownFileType = sourcecode.c.h; path = HawkSearchController.h; sourceTree = "<group>"; };
		1CB054711B2244A60037DAD2 /* HawkSearchController.m */ = {isa = PBXFileReference; fileEncoding = 4; lastKnownFileType = sourcecode.c.objc; path = HawkSearchController.m; sourceTree = "<group>"; };
		1CB054731B2246FF0037DAD2 /* MapKit.framework */ = {isa = PBXFileReference; lastKnownFileType = wrapper.framework; name = MapKit.framework; path = System/Library/Frameworks/MapKit.framework; sourceTree = SDKROOT; };
		1CB054751B2247A60037DAD2 /* HawkLocationManager.h */ = {isa = PBXFileReference; fileEncoding = 4; lastKnownFileType = sourcecode.c.h; path = HawkLocationManager.h; sourceTree = "<group>"; };
		1CB054761B2247A60037DAD2 /* HawkLocationManager.m */ = {isa = PBXFileReference; fileEncoding = 4; lastKnownFileType = sourcecode.c.objc; path = HawkLocationManager.m; sourceTree = "<group>"; };
		1CB054791B225ABD0037DAD2 /* HawkSearchController.xib */ = {isa = PBXFileReference; fileEncoding = 4; lastKnownFileType = file.xib; path = HawkSearchController.xib; sourceTree = "<group>"; };
		1CB054841B2267470037DAD2 /* pin-black.png */ = {isa = PBXFileReference; lastKnownFileType = image.png; path = "pin-black.png"; sourceTree = "<group>"; };
		1CB054851B2267470037DAD2 /* pin-red.png */ = {isa = PBXFileReference; lastKnownFileType = image.png; path = "pin-red.png"; sourceTree = "<group>"; };
		1CB054881B226BB40037DAD2 /* location.png */ = {isa = PBXFileReference; lastKnownFileType = image.png; path = location.png; sourceTree = "<group>"; };
/* End PBXFileReference section */

/* Begin PBXFrameworksBuildPhase section */
		1CB054441B2243EE0037DAD2 /* Frameworks */ = {
			isa = PBXFrameworksBuildPhase;
			buildActionMask = 2147483647;
			files = (
				1CB054741B2246FF0037DAD2 /* MapKit.framework in Frameworks */,
			);
			runOnlyForDeploymentPostprocessing = 0;
		};
/* End PBXFrameworksBuildPhase section */

/* Begin PBXGroup section */
		1CB0543E1B2243EE0037DAD2 = {
			isa = PBXGroup;
			children = (
				1CB054781B2247AA0037DAD2 /* Source */,
				1CB054491B2243EE0037DAD2 /* Hawk */,
				1CB054481B2243EE0037DAD2 /* Products */,
			);
			sourceTree = "<group>";
		};
		1CB054481B2243EE0037DAD2 /* Products */ = {
			isa = PBXGroup;
			children = (
				1CB054471B2243EE0037DAD2 /* Hawk.app */,
			);
			name = Products;
			sourceTree = "<group>";
		};
		1CB054491B2243EE0037DAD2 /* Hawk */ = {
			isa = PBXGroup;
			children = (
				1CB0544E1B2243EE0037DAD2 /* AppDelegate.h */,
				1CB0544F1B2243EE0037DAD2 /* AppDelegate.m */,
				1CB054511B2243EE0037DAD2 /* ViewController.h */,
				1CB054521B2243EE0037DAD2 /* ViewController.m */,
				1CB0547B1B225E850037DAD2 /* UI */,
				1CB0544A1B2243EE0037DAD2 /* Supporting Files */,
				1CB0547C1B225E8B0037DAD2 /* Frameworks */,
				1CB054571B2243EE0037DAD2 /* Images.xcassets */,
			);
			path = Hawk;
			sourceTree = "<group>";
		};
		1CB0544A1B2243EE0037DAD2 /* Supporting Files */ = {
			isa = PBXGroup;
			children = (
				1CB0544B1B2243EE0037DAD2 /* Info.plist */,
				1CB0544C1B2243EE0037DAD2 /* main.m */,
			);
			name = "Supporting Files";
			sourceTree = "<group>";
		};
		1CB054781B2247AA0037DAD2 /* Source */ = {
			isa = PBXGroup;
			children = (
				1CB054751B2247A60037DAD2 /* HawkLocationManager.h */,
				1CB054761B2247A60037DAD2 /* HawkLocationManager.m */,
				1CB054701B2244A60037DAD2 /* HawkSearchController.h */,
				1CB054711B2244A60037DAD2 /* HawkSearchController.m */,
				1CB054791B225ABD0037DAD2 /* HawkSearchController.xib */,
				1CB054841B2267470037DAD2 /* pin-black.png */,
				1CB054851B2267470037DAD2 /* pin-red.png */,
				1CB054881B226BB40037DAD2 /* location.png */,
			);
			name = Source;
			path = Hawk;
			sourceTree = "<group>";
		};
		1CB0547B1B225E850037DAD2 /* UI */ = {
			isa = PBXGroup;
			children = (
				1CB054541B2243EE0037DAD2 /* Main.storyboard */,
				1CB054591B2243EE0037DAD2 /* LaunchScreen.xib */,
			);
			name = UI;
			sourceTree = "<group>";
		};
		1CB0547C1B225E8B0037DAD2 /* Frameworks */ = {
			isa = PBXGroup;
			children = (
				1CB054731B2246FF0037DAD2 /* MapKit.framework */,
			);
			name = Frameworks;
			sourceTree = "<group>";
		};
/* End PBXGroup section */

/* Begin PBXNativeTarget section */
		1CB054461B2243EE0037DAD2 /* Hawk */ = {
			isa = PBXNativeTarget;
			buildConfigurationList = 1CB0546A1B2243EE0037DAD2 /* Build configuration list for PBXNativeTarget "Hawk" */;
			buildPhases = (
				1CB054431B2243EE0037DAD2 /* Sources */,
				1CB054441B2243EE0037DAD2 /* Frameworks */,
				1CB054451B2243EE0037DAD2 /* Resources */,
			);
			buildRules = (
			);
			dependencies = (
			);
			name = Hawk;
			productName = Hawk;
			productReference = 1CB054471B2243EE0037DAD2 /* Hawk.app */;
			productType = "com.apple.product-type.application";
		};
/* End PBXNativeTarget section */

/* Begin PBXProject section */
		1CB0543F1B2243EE0037DAD2 /* Project object */ = {
			isa = PBXProject;
			attributes = {
				LastUpgradeCheck = 0630;
				ORGANIZATIONNAME = "Chase Acton";
				TargetAttributes = {
					1CB054461B2243EE0037DAD2 = {
						CreatedOnToolsVersion = 6.3.2;
					};
				};
			};
			buildConfigurationList = 1CB054421B2243EE0037DAD2 /* Build configuration list for PBXProject "Hawk" */;
			compatibilityVersion = "Xcode 3.2";
			developmentRegion = English;
			hasScannedForEncodings = 0;
			knownRegions = (
				en,
				Base,
			);
			mainGroup = 1CB0543E1B2243EE0037DAD2;
			productRefGroup = 1CB054481B2243EE0037DAD2 /* Products */;
			projectDirPath = "";
			projectRoot = "";
			targets = (
				1CB054461B2243EE0037DAD2 /* Hawk */,
			);
		};
/* End PBXProject section */

/* Begin PBXResourcesBuildPhase section */
		1CB054451B2243EE0037DAD2 /* Resources */ = {
			isa = PBXResourcesBuildPhase;
			buildActionMask = 2147483647;
			files = (
				1CB054561B2243EE0037DAD2 /* Main.storyboard in Resources */,
				1CB054861B2267470037DAD2 /* pin-black.png in Resources */,
				1CB0545B1B2243EE0037DAD2 /* LaunchScreen.xib in Resources */,
				1CB054871B2267470037DAD2 /* pin-red.png in Resources */,
				1CB054891B226BB40037DAD2 /* location.png in Resources */,
				1CB0547A1B225ABD0037DAD2 /* HawkSearchController.xib in Resources */,
				1CB054581B2243EE0037DAD2 /* Images.xcassets in Resources */,
			);
			runOnlyForDeploymentPostprocessing = 0;
		};
/* End PBXResourcesBuildPhase section */

/* Begin PBXSourcesBuildPhase section */
		1CB054431B2243EE0037DAD2 /* Sources */ = {
			isa = PBXSourcesBuildPhase;
			buildActionMask = 2147483647;
			files = (
				1CB054771B2247A60037DAD2 /* HawkLocationManager.m in Sources */,
				1CB054531B2243EE0037DAD2 /* ViewController.m in Sources */,
				1CB054501B2243EE0037DAD2 /* AppDelegate.m in Sources */,
				1CB054721B2244A60037DAD2 /* HawkSearchController.m in Sources */,
				1CB0544D1B2243EE0037DAD2 /* main.m in Sources */,
			);
			runOnlyForDeploymentPostprocessing = 0;
		};
/* End PBXSourcesBuildPhase section */

/* Begin PBXVariantGroup section */
		1CB054541B2243EE0037DAD2 /* Main.storyboard */ = {
			isa = PBXVariantGroup;
			children = (
				1CB054551B2243EE0037DAD2 /* Base */,
			);
			name = Main.storyboard;
			sourceTree = "<group>";
		};
		1CB054591B2243EE0037DAD2 /* LaunchScreen.xib */ = {
			isa = PBXVariantGroup;
			children = (
				1CB0545A1B2243EE0037DAD2 /* Base */,
			);
			name = LaunchScreen.xib;
			sourceTree = "<group>";
		};
/* End PBXVariantGroup section */

/* Begin XCBuildConfiguration section */
		1CB054681B2243EE0037DAD2 /* Debug */ = {
			isa = XCBuildConfiguration;
			buildSettings = {
				ALWAYS_SEARCH_USER_PATHS = NO;
				CLANG_CXX_LANGUAGE_STANDARD = "gnu++0x";
				CLANG_CXX_LIBRARY = "libc++";
				CLANG_ENABLE_MODULES = YES;
				CLANG_ENABLE_OBJC_ARC = YES;
				CLANG_WARN_BOOL_CONVERSION = YES;
				CLANG_WARN_CONSTANT_CONVERSION = YES;
				CLANG_WARN_DIRECT_OBJC_ISA_USAGE = YES_ERROR;
				CLANG_WARN_EMPTY_BODY = YES;
				CLANG_WARN_ENUM_CONVERSION = YES;
				CLANG_WARN_INT_CONVERSION = YES;
				CLANG_WARN_OBJC_ROOT_CLASS = YES_ERROR;
				CLANG_WARN_UNREACHABLE_CODE = YES;
				CLANG_WARN__DUPLICATE_METHOD_MATCH = YES;
				"CODE_SIGN_IDENTITY[sdk=iphoneos*]" = "iPhone Developer";
				COPY_PHASE_STRIP = NO;
				DEBUG_INFORMATION_FORMAT = "dwarf-with-dsym";
				ENABLE_STRICT_OBJC_MSGSEND = YES;
				GCC_C_LANGUAGE_STANDARD = gnu99;
				GCC_DYNAMIC_NO_PIC = NO;
				GCC_NO_COMMON_BLOCKS = YES;
				GCC_OPTIMIZATION_LEVEL = 0;
				GCC_PREPROCESSOR_DEFINITIONS = (
					"DEBUG=1",
					"$(inherited)",
				);
				GCC_SYMBOLS_PRIVATE_EXTERN = NO;
				GCC_WARN_64_TO_32_BIT_CONVERSION = YES;
				GCC_WARN_ABOUT_RETURN_TYPE = YES_ERROR;
				GCC_WARN_UNDECLARED_SELECTOR = YES;
				GCC_WARN_UNINITIALIZED_AUTOS = YES_AGGRESSIVE;
				GCC_WARN_UNUSED_FUNCTION = YES;
				GCC_WARN_UNUSED_VARIABLE = YES;
				IPHONEOS_DEPLOYMENT_TARGET = 8.3;
				MTL_ENABLE_DEBUG_INFO = YES;
				ONLY_ACTIVE_ARCH = YES;
				SDKROOT = iphoneos;
			};
			name = Debug;
		};
		1CB054691B2243EE0037DAD2 /* Release */ = {
			isa = XCBuildConfiguration;
			buildSettings = {
				ALWAYS_SEARCH_USER_PATHS = NO;
				CLANG_CXX_LANGUAGE_STANDARD = "gnu++0x";
				CLANG_CXX_LIBRARY = "libc++";
				CLANG_ENABLE_MODULES = YES;
				CLANG_ENABLE_OBJC_ARC = YES;
				CLANG_WARN_BOOL_CONVERSION = YES;
				CLANG_WARN_CONSTANT_CONVERSION = YES;
				CLANG_WARN_DIRECT_OBJC_ISA_USAGE = YES_ERROR;
				CLANG_WARN_EMPTY_BODY = YES;
				CLANG_WARN_ENUM_CONVERSION = YES;
				CLANG_WARN_INT_CONVERSION = YES;
				CLANG_WARN_OBJC_ROOT_CLASS = YES_ERROR;
				CLANG_WARN_UNREACHABLE_CODE = YES;
				CLANG_WARN__DUPLICATE_METHOD_MATCH = YES;
				"CODE_SIGN_IDENTITY[sdk=iphoneos*]" = "iPhone Developer";
				COPY_PHASE_STRIP = NO;
				DEBUG_INFORMATION_FORMAT = "dwarf-with-dsym";
				ENABLE_NS_ASSERTIONS = NO;
				ENABLE_STRICT_OBJC_MSGSEND = YES;
				GCC_C_LANGUAGE_STANDARD = gnu99;
				GCC_NO_COMMON_BLOCKS = YES;
				GCC_WARN_64_TO_32_BIT_CONVERSION = YES;
				GCC_WARN_ABOUT_RETURN_TYPE = YES_ERROR;
				GCC_WARN_UNDECLARED_SELECTOR = YES;
				GCC_WARN_UNINITIALIZED_AUTOS = YES_AGGRESSIVE;
				GCC_WARN_UNUSED_FUNCTION = YES;
				GCC_WARN_UNUSED_VARIABLE = YES;
				IPHONEOS_DEPLOYMENT_TARGET = 8.3;
				MTL_ENABLE_DEBUG_INFO = NO;
				SDKROOT = iphoneos;
				VALIDATE_PRODUCT = YES;
			};
			name = Release;
		};
		1CB0546B1B2243EE0037DAD2 /* Debug */ = {
			isa = XCBuildConfiguration;
			buildSettings = {
				ASSETCATALOG_COMPILER_APPICON_NAME = AppIcon;
				INFOPLIST_FILE = Hawk/Info.plist;
				LD_RUNPATH_SEARCH_PATHS = "$(inherited) @executable_path/Frameworks";
				PRODUCT_NAME = "$(TARGET_NAME)";
			};
			name = Debug;
		};
		1CB0546C1B2243EE0037DAD2 /* Release */ = {
			isa = XCBuildConfiguration;
			buildSettings = {
				ASSETCATALOG_COMPILER_APPICON_NAME = AppIcon;
				INFOPLIST_FILE = Hawk/Info.plist;
				LD_RUNPATH_SEARCH_PATHS = "$(inherited) @executable_path/Frameworks";
				PRODUCT_NAME = "$(TARGET_NAME)";
			};
			name = Release;
		};
/* End XCBuildConfiguration section */

/* Begin XCConfigurationList section */
		1CB054421B2243EE0037DAD2 /* Build configuration list for PBXProject "Hawk" */ = {
			isa = XCConfigurationList;
			buildConfigurations = (
				1CB054681B2243EE0037DAD2 /* Debug */,
				1CB054691B2243EE0037DAD2 /* Release */,
			);
			defaultConfigurationIsVisible = 0;
			defaultConfigurationName = Release;
		};
		1CB0546A1B2243EE0037DAD2 /* Build configuration list for PBXNativeTarget "Hawk" */ = {
			isa = XCConfigurationList;
			buildConfigurations = (
				1CB0546B1B2243EE0037DAD2 /* Debug */,
				1CB0546C1B2243EE0037DAD2 /* Release */,
			);
			defaultConfigurationIsVisible = 0;
		};
/* End XCConfigurationList section */
	};
	rootObject = 1CB0543F1B2243EE0037DAD2 /* Project object */;
}
